<?xml version="1.0" encoding="UTF-8" standalone="yes" ?>
<CodeBlocks_project_file>
	<FileVersion major="1" minor="6" />
	<Project>
		<Option title="CasseBriques" />
		<Option pch_mode="2" />
		<Option compiler="gcc" />
		<Build>
			<Target title="Debug">
				<Option output="bin/Debug/CasseBriques" prefix_auto="1" extension_auto="1" />
				<Option object_output="obj/Debug/" />
				<Option type="1" />
				<Option compiler="gcc" />
				<Compiler>
					<Add option="-g" />
					<Add directory="include" />
				</Compiler>
			</Target>
			<Target title="Release">
				<Option output="bin/Release/CasseBriques" prefix_auto="1" extension_auto="1" />
				<Option object_output="obj/Release/" />
				<Option type="1" />
				<Option compiler="gcc" />
				<Compiler>
					<Add option="-O2" />
					<Add directory="include" />
				</Compiler>
				<Linker>
					<Add option="-s" />
				</Linker>
			</Target>
		</Build>
		<Compiler>
			<Add option="-Wall" />
			<Add option="-fexceptions" />
		</Compiler>
		<Unit filename="include/Application.h" />
		<Unit filename="include/Balle.h" />
		<Unit filename="include/Briques.h" />
		<Unit filename="include/BriquesCassable.h" />
		<Unit filename="include/BriquesIncassable.h" />
		<Unit filename="include/BriquesSansRobond.h" />
		<Unit filename="include/CasseBrique.h" />
		<Unit filename="include/Cercle.h" />
		<Unit filename="include/Position.h" />
		<Unit filename="include/Raquette.h" />
		<Unit filename="main.cpp" />
		<Unit filename="src/Application.cpp" />
		<Unit filename="src/Balle.cpp" />
		<Unit filename="src/Briques.cpp" />
		<Unit filename="src/BriquesCassable.cpp" />
		<Unit filename="src/BriquesIncassable.cpp" />
		<Unit filename="src/BriquesSansRobond.cpp" />
		<Unit filename="src/CasseBrique.cpp" />
		<Unit filename="src/Cercle.cpp" />
		<Unit filename="src/Position.cpp" />
		<Unit filename="src/Raquette.cpp" />
		<Unit filename="tests/BalleT.cpp" />
		<Unit filename="tests/BriqueT.cpp" />
		<Unit filename="tests/CercleT.cpp" />
		<Unit filename="tests/PositionT.cpp" />
		<Unit filename="tests/RaquetteT.cpp" />
		<Unit filename="tests/doctest.h" />
		<Unit filename="variableGlobale.h" />
		<Extensions>
			<code_completion />
			<envvars />
			<debugger />
			<lib_finder disable_auto="1" />
		</Extensions>
	</Project>
</CodeBlocks_project_file>
